#MicroXplorer Configuration settings - do not modify
Dma.Request0=USART2_RX
Dma.Request1=USART2_TX
Dma.Request2=USART3_RX
Dma.Request3=USART3_TX
Dma.Request4=USART6_TX
Dma.Request5=USART1_RX
Dma.RequestsNb=6
Dma.USART1_RX.5.Direction=DMA_PERIPH_TO_MEMORY
Dma.USART1_RX.5.FIFOMode=DMA_FIFOMODE_DISABLE
Dma.USART1_RX.5.Instance=DMA2_Stream2
Dma.USART1_RX.5.MemDataAlignment=DMA_MDATAALIGN_BYTE
Dma.USART1_RX.5.MemInc=DMA_MINC_ENABLE
Dma.USART1_RX.5.Mode=DMA_NORMAL
Dma.USART1_RX.5.PeriphDataAlignment=DMA_PDATAALIGN_BYTE
Dma.USART1_RX.5.PeriphInc=DMA_PINC_DISABLE
Dma.USART1_RX.5.Priority=DMA_PRIORITY_LOW
Dma.USART1_RX.5.RequestParameters=Instance,Direction,PeriphInc,MemInc,PeriphDataAlignment,MemDataAlignment,Mode,Priority,FIFOMode
Dma.USART2_RX.0.Direction=DMA_PERIPH_TO_MEMORY
Dma.USART2_RX.0.FIFOMode=DMA_FIFOMODE_DISABLE
Dma.USART2_RX.0.Instance=DMA1_Stream5
Dma.USART2_RX.0.MemDataAlignment=DMA_MDATAALIGN_BYTE
Dma.USART2_RX.0.MemInc=DMA_MINC_ENABLE
Dma.USART2_RX.0.Mode=DMA_NORMAL
Dma.USART2_RX.0.PeriphDataAlignment=DMA_PDATAALIGN_BYTE
Dma.USART2_RX.0.PeriphInc=DMA_PINC_DISABLE
Dma.USART2_RX.0.Priority=DMA_PRIORITY_LOW
Dma.USART2_RX.0.RequestParameters=Instance,Direction,PeriphInc,MemInc,PeriphDataAlignment,MemDataAlignment,Mode,Priority,FIFOMode
Dma.USART2_TX.1.Direction=DMA_MEMORY_TO_PERIPH
Dma.USART2_TX.1.FIFOMode=DMA_FIFOMODE_DISABLE
Dma.USART2_TX.1.Instance=DMA1_Stream6
Dma.USART2_TX.1.MemDataAlignment=DMA_MDATAALIGN_BYTE
Dma.USART2_TX.1.MemInc=DMA_MINC_ENABLE
Dma.USART2_TX.1.Mode=DMA_NORMAL
Dma.USART2_TX.1.PeriphDataAlignment=DMA_PDATAALIGN_BYTE
Dma.USART2_TX.1.PeriphInc=DMA_PINC_DISABLE
Dma.USART2_TX.1.Priority=DMA_PRIORITY_LOW
Dma.USART2_TX.1.RequestParameters=Instance,Direction,PeriphInc,MemInc,PeriphDataAlignment,MemDataAlignment,Mode,Priority,FIFOMode
Dma.USART3_RX.2.Direction=DMA_PERIPH_TO_MEMORY
Dma.USART3_RX.2.FIFOMode=DMA_FIFOMODE_DISABLE
Dma.USART3_RX.2.Instance=DMA1_Stream1
Dma.USART3_RX.2.MemDataAlignment=DMA_MDATAALIGN_BYTE
Dma.USART3_RX.2.MemInc=DMA_MINC_ENABLE
Dma.USART3_RX.2.Mode=DMA_NORMAL
Dma.USART3_RX.2.PeriphDataAlignment=DMA_PDATAALIGN_BYTE
Dma.USART3_RX.2.PeriphInc=DMA_PINC_DISABLE
Dma.USART3_RX.2.Priority=DMA_PRIORITY_LOW
Dma.USART3_RX.2.RequestParameters=Instance,Direction,PeriphInc,MemInc,PeriphDataAlignment,MemDataAlignment,Mode,Priority,FIFOMode
Dma.USART3_TX.3.Direction=DMA_MEMORY_TO_PERIPH
Dma.USART3_TX.3.FIFOMode=DMA_FIFOMODE_DISABLE
Dma.USART3_TX.3.Instance=DMA1_Stream3
Dma.USART3_TX.3.MemDataAlignment=DMA_MDATAALIGN_BYTE
Dma.USART3_TX.3.MemInc=DMA_MINC_ENABLE
Dma.USART3_TX.3.Mode=DMA_NORMAL
Dma.USART3_TX.3.PeriphDataAlignment=DMA_PDATAALIGN_BYTE
Dma.USART3_TX.3.PeriphInc=DMA_PINC_DISABLE
Dma.USART3_TX.3.Priority=DMA_PRIORITY_LOW
Dma.USART3_TX.3.RequestParameters=Instance,Direction,PeriphInc,MemInc,PeriphDataAlignment,MemDataAlignment,Mode,Priority,FIFOMode
Dma.USART6_TX.4.Direction=DMA_MEMORY_TO_PERIPH
Dma.USART6_TX.4.FIFOMode=DMA_FIFOMODE_DISABLE
Dma.USART6_TX.4.Instance=DMA2_Stream6
Dma.USART6_TX.4.MemDataAlignment=DMA_MDATAALIGN_BYTE
Dma.USART6_TX.4.MemInc=DMA_MINC_ENABLE
Dma.USART6_TX.4.Mode=DMA_NORMAL
Dma.USART6_TX.4.PeriphDataAlignment=DMA_PDATAALIGN_BYTE
Dma.USART6_TX.4.PeriphInc=DMA_PINC_DISABLE
Dma.USART6_TX.4.Priority=DMA_PRIORITY_LOW
Dma.USART6_TX.4.RequestParameters=Instance,Direction,PeriphInc,MemInc,PeriphDataAlignment,MemDataAlignment,Mode,Priority,FIFOMode
File.Version=6
KeepUserPlacement=false
Mcu.Family=STM32F4
Mcu.IP0=DMA
Mcu.IP1=I2C1
Mcu.IP10=USART1
Mcu.IP11=USART2
Mcu.IP12=USART3
Mcu.IP13=USART6
Mcu.IP14=USB_DEVICE
Mcu.IP15=USB_OTG_FS
Mcu.IP2=NVIC
Mcu.IP3=RCC
Mcu.IP4=RTC
Mcu.IP5=SPI1
Mcu.IP6=SPI3
Mcu.IP7=SYS
Mcu.IP8=TIM3
Mcu.IP9=TIM5
Mcu.IPNb=16
Mcu.Name=STM32F405RGTx
Mcu.Package=LQFP64
Mcu.Pin0=PH0-OSC_IN
Mcu.Pin1=PH1-OSC_OUT
Mcu.Pin10=PA7
Mcu.Pin11=PC4
Mcu.Pin12=PC5
Mcu.Pin13=PB0
Mcu.Pin14=PB1
Mcu.Pin15=PB2
Mcu.Pin16=PB10
Mcu.Pin17=PB11
Mcu.Pin18=PC6
Mcu.Pin19=PC7
Mcu.Pin2=PC0
Mcu.Pin20=PA9
Mcu.Pin21=PA10
Mcu.Pin22=PA11
Mcu.Pin23=PA12
Mcu.Pin24=PA15
Mcu.Pin25=PC10
Mcu.Pin26=PC11
Mcu.Pin27=PC12
Mcu.Pin28=PD2
Mcu.Pin29=PB3
Mcu.Pin3=PA0-WKUP
Mcu.Pin30=PB4
Mcu.Pin31=PB5
Mcu.Pin32=PB7
Mcu.Pin33=PB8
Mcu.Pin34=PB9
Mcu.Pin35=VP_RTC_VS_RTC_Activate
Mcu.Pin36=VP_SYS_VS_Systick
Mcu.Pin37=VP_USB_DEVICE_VS_USB_DEVICE_CDC_FS
Mcu.Pin4=PA1
Mcu.Pin5=PA2
Mcu.Pin6=PA3
Mcu.Pin7=PA4
Mcu.Pin8=PA5
Mcu.Pin9=PA6
Mcu.PinsNb=38
Mcu.UserConstants=
Mcu.UserName=STM32F405RGTx
MxCube.Version=4.21.0
MxDb.Version=DB.4.0.210
NVIC.BusFault_IRQn=true\:0\:0\:false\:false\:true
NVIC.DMA1_Stream1_IRQn=true\:0\:0\:false\:false\:true
NVIC.DMA1_Stream3_IRQn=true\:0\:0\:false\:false\:true
NVIC.DMA1_Stream5_IRQn=true\:0\:0\:false\:false\:true
NVIC.DMA1_Stream6_IRQn=true\:0\:0\:false\:false\:true
NVIC.DMA2_Stream2_IRQn=true\:0\:0\:false\:false\:true
NVIC.DMA2_Stream6_IRQn=true\:0\:0\:false\:false\:true
NVIC.DebugMonitor_IRQn=true\:0\:0\:false\:false\:true
NVIC.HardFault_IRQn=true\:0\:0\:false\:false\:true
NVIC.MemoryManagement_IRQn=true\:0\:0\:false\:false\:true
NVIC.NonMaskableInt_IRQn=true\:0\:0\:false\:false\:true
NVIC.OTG_FS_IRQn=true\:0\:0\:false\:false\:true
NVIC.PendSV_IRQn=true\:0\:0\:false\:false\:true
NVIC.PriorityGroup=NVIC_PRIORITYGROUP_4
NVIC.SVCall_IRQn=true\:0\:0\:false\:false\:true
NVIC.SysTick_IRQn=true\:0\:0\:false\:false\:true
NVIC.USART1_IRQn=true\:0\:0\:false\:false\:true
NVIC.USART2_IRQn=true\:0\:0\:false\:false\:true
NVIC.UsageFault_IRQn=true\:0\:0\:false\:false\:true
PA0-WKUP.GPIOParameters=GPIO_Speed,GPIO_PuPd,GPIO_Label
PA0-WKUP.GPIO_Label=Servo5/Hall Input
PA0-WKUP.GPIO_PuPd=GPIO_PULLDOWN
PA0-WKUP.GPIO_Speed=GPIO_SPEED_FREQ_HIGH
PA0-WKUP.Signal=S_TIM5_CH1
PA1.GPIOParameters=GPIO_Speed,GPIO_PuPd,GPIO_Label
PA1.GPIO_Label=Servo6/Hall Input
PA1.GPIO_PuPd=GPIO_PULLDOWN
PA1.GPIO_Speed=GPIO_SPEED_FREQ_HIGH
PA1.Signal=S_TIM5_CH2
PA10.GPIOParameters=GPIO_Label
PA10.GPIO_Label=MainUSART/SBus In or PPM In
PA10.Mode=Asynchronous
PA10.Signal=USART1_RX
PA11.Mode=Device_Only
PA11.Signal=USB_OTG_FS_DM
PA12.Mode=Device_Only
PA12.Signal=USB_OTG_FS_DP
PA15.GPIOParameters=GPIO_Label
PA15.GPIO_Label=EEPROM SPI3_NSS
PA15.Locked=true
PA15.Mode=NSS_Signal_Hard_Input
PA15.Signal=SPI3_NSS
PA2.GPIOParameters=GPIO_Label
PA2.GPIO_Label=Servo4/VESC UART TX
PA2.Mode=Asynchronous
PA2.Signal=USART2_TX
PA3.GPIOParameters=GPIO_Label
PA3.GPIO_Label=Servo3/VESC UART RX
PA3.Mode=Asynchronous
PA3.Signal=USART2_RX
PA4.GPIOParameters=GPIO_Label
PA4.GPIO_Label=IMU SPI1_NSS
PA4.Mode=NSS_Signal_Hard_Input
PA4.Signal=SPI1_NSS
PA5.GPIOParameters=GPIO_Label
PA5.GPIO_Label=IMU SPI1_SCK
PA5.Mode=Full_Duplex_Master
PA5.Signal=SPI1_SCK
PA6.GPIOParameters=GPIO_Label
PA6.GPIO_Label=IMU SPI1_MISO
PA6.Mode=Full_Duplex_Master
PA6.Signal=SPI1_MISO
PA7.GPIOParameters=GPIO_Label
PA7.GPIO_Label=IMU SPI1_MOSI
PA7.Mode=Full_Duplex_Master
PA7.Signal=SPI1_MOSI
PA9.Locked=true
PA9.Mode=Asynchronous
PA9.Signal=USART1_TX
PB0.GPIOParameters=GPIO_Speed,GPIO_Label
PB0.GPIO_Label=Servo1/ESC Out
PB0.GPIO_Speed=GPIO_SPEED_FREQ_HIGH
PB0.Signal=S_TIM3_CH3
PB1.GPIOParameters=GPIO_Speed,GPIO_Label
PB1.GPIO_Label=Servo2/Aux PPM Out
PB1.GPIO_Speed=GPIO_SPEED_FREQ_HIGH
PB1.Signal=S_TIM3_CH4
PB10.GPIOParameters=GPIO_Label
PB10.GPIO_Label=Bluetooth UART3 TX
PB10.Mode=Asynchronous
PB10.Signal=USART3_TX
PB11.GPIOParameters=GPIO_Label
PB11.GPIO_Label=Bluetooth UART3 RX
PB11.Mode=Asynchronous
PB11.Signal=USART3_RX
PB2.GPIOParameters=GPIO_Label
PB2.GPIO_Label=BOOT1
PB2.Locked=true
PB2.Signal=GPIO_Input
PB3.GPIOParameters=GPIO_Label
PB3.GPIO_Label=EEPROM Select
PB3.Locked=true
PB3.Signal=GPIO_Output
PB4.GPIOParameters=GPIO_Label
PB4.GPIO_Label=Led Warn
PB4.Locked=true
PB4.Signal=GPIO_Output
PB5.GPIOParameters=GPIO_Label
PB5.GPIO_Label=Led Status
PB5.Locked=true
PB5.Signal=GPIO_Output
PB7.GPIOParameters=GPIO_Label
PB7.GPIO_Label=Compass DRDY
PB7.Locked=true
PB7.Signal=GPIO_Output
PB8.GPIOParameters=GPIO_Label
PB8.GPIO_Label=Internal I2C/SCL
PB8.Locked=true
PB8.Mode=I2C
PB8.Signal=I2C1_SCL
PB9.GPIOParameters=GPIO_Label
PB9.GPIO_Label=Internal I2C/SDA
PB9.Locked=true
PB9.Mode=I2C
PB9.Signal=I2C1_SDA
PC0.GPIOParameters=GPIO_Label
PC0.GPIO_Label=SBus Inverter On/Off
PC0.Locked=true
PC0.Signal=GPIO_Output
PC10.GPIOParameters=GPIO_Label
PC10.GPIO_Label=EEPROM SPI3_SCK
PC10.Mode=Full_Duplex_Master
PC10.Signal=SPI3_SCK
PC11.GPIOParameters=GPIO_Label
PC11.GPIO_Label=EEPROM SPI3_MISO
PC11.Mode=Full_Duplex_Master
PC11.Signal=SPI3_MISO
PC12.GPIOParameters=GPIO_Label
PC12.GPIO_Label=EEPROM SPI3_MOSI
PC12.Mode=Full_Duplex_Master
PC12.Signal=SPI3_MOSI
PC4.Locked=true
PC4.Signal=GPXTI4
PC5.Locked=true
PC5.Signal=GPIO_Input
PC6.GPIOParameters=GPIO_Label
PC6.GPIO_Label=SBus_Gimbal UART6_TX
PC6.Locked=true
PC6.Mode=Asynchronous
PC6.Signal=USART6_TX
PC7.Locked=true
PC7.Mode=Asynchronous
PC7.Signal=USART6_RX
PCC.Checker=false
PCC.Line=STM32F405/415
PCC.MCU=STM32F405RGTx
PCC.PartNumber=STM32F405RGTx
PCC.Seq0=0
PCC.Series=STM32F4
PCC.Temperature=25
PCC.Vdd=3.3
PD2.GPIOParameters=GPIO_Label
PD2.GPIO_Label=Modem IRQ
PD2.Locked=true
PD2.Signal=GPIO_Input
PH0-OSC_IN.Mode=HSE-External-Oscillator
PH0-OSC_IN.Signal=RCC_OSC_IN
PH1-OSC_OUT.Mode=HSE-External-Oscillator
PH1-OSC_OUT.Signal=RCC_OSC_OUT
ProjectManager.AskForMigrate=true
ProjectManager.BackupPrevious=false
ProjectManager.CompilerOptimize=2
ProjectManager.ComputerToolchain=false
ProjectManager.CoupleFile=false
ProjectManager.CustomerFirmwarePackage=C\:/Users/werne/STM32Cube/Repository/STM32Cube_FW_F4_V1.16.0
ProjectManager.DefaultFWLocation=true
ProjectManager.DeletePrevious=true
ProjectManager.DeviceId=STM32F405RGTx
ProjectManager.FirmwarePackage=STM32Cube FW_F4 V1.16.0
ProjectManager.FreePins=false
ProjectManager.HalAssertFull=false
ProjectManager.HeapSize=0x200
ProjectManager.KeepUserCode=true
ProjectManager.LastFirmware=true
ProjectManager.LibraryCopy=0
ProjectManager.PreviousToolchain=
ProjectManager.ProjectBuild=false
ProjectManager.ProjectFileName=CableCam Controller.ioc
ProjectManager.ProjectName=CableCam Controller
ProjectManager.StackSize=0x400
ProjectManager.TargetToolchain=MDK-ARM V5
ProjectManager.ToolChainLocation=
ProjectManager.UnderRoot=false
ProjectManager.functionlistsort=1-MX_GPIO_Init-GPIO-false-HAL,2-MX_DMA_Init-DMA-false-HAL,3-SystemClock_Config-RCC-false-HAL,4-MX_RTC_Init-RTC-false-HAL,5-MX_SPI1_Init-SPI1-false-HAL,6-MX_SPI3_Init-SPI3-false-HAL,7-MX_TIM3_Init-TIM3-false-HAL,8-MX_TIM5_Init-TIM5-false-HAL,9-MX_USART1_UART_Init-USART1-false-HAL,10-MX_USB_DEVICE_Init-USB_DEVICE-false-HAL,11-MX_USART2_UART_Init-USART2-false-HAL,12-MX_I2C1_Init-I2C1-false-HAL,13-MX_USART3_UART_Init-USART3-false-HAL,14-MX_USART6_UART_Init-USART6-false-HAL
RCC.48MHZClocksFreq_Value=48000000
RCC.AHBFreq_Value=16000000
RCC.APB1Freq_Value=16000000
RCC.APB2Freq_Value=16000000
RCC.CortexFreq_Value=16000000
RCC.FamilyName=M
RCC.HSE_VALUE=8000000
RCC.HSI_VALUE=16000000
RCC.I2SClocksFreq_Value=192000000
RCC.IPParameters=48MHZClocksFreq_Value,AHBFreq_Value,APB1Freq_Value,APB2Freq_Value,CortexFreq_Value,FamilyName,HSE_VALUE,HSI_VALUE,I2SClocksFreq_Value,LSE_VALUE,LSI_VALUE,PLLCLKFreq_Value,PLLM,PLLN,PLLQ,PLLQCLKFreq_Value,RTCFreq_Value,RTCHSEDivFreq_Value,SYSCLKFreq_VALUE,VCOI2SOutputFreq_Value,VCOInputFreq_Value,VCOOutputFreq_Value,VcooutputI2S
RCC.LSE_VALUE=32768
RCC.LSI_VALUE=32000
RCC.PLLCLKFreq_Value=72000000
RCC.PLLM=4
RCC.PLLN=72
RCC.PLLQ=3
RCC.PLLQCLKFreq_Value=48000000
RCC.RTCFreq_Value=32000
RCC.RTCHSEDivFreq_Value=4000000
RCC.SYSCLKFreq_VALUE=16000000
RCC.VCOI2SOutputFreq_Value=384000000
RCC.VCOInputFreq_Value=2000000
RCC.VCOOutputFreq_Value=144000000
RCC.VcooutputI2S=192000000
SH.GPXTI4.0=GPIO_EXTI4
SH.GPXTI4.ConfNb=1
SH.S_TIM3_CH3.0=TIM3_CH3,PWM Generation3 CH3
SH.S_TIM3_CH3.ConfNb=1
SH.S_TIM3_CH4.0=TIM3_CH4,PWM Generation4 CH4
SH.S_TIM3_CH4.ConfNb=1
SH.S_TIM5_CH1.0=TIM5_CH1,Input_Capture1_from_TI1
SH.S_TIM5_CH1.ConfNb=1
SH.S_TIM5_CH2.0=TIM5_CH2,Input_Capture2_from_TI2
SH.S_TIM5_CH2.ConfNb=1
SPI1.CalculateBaudRate=8.0 MBits/s
SPI1.Direction=SPI_DIRECTION_2LINES
SPI1.IPParameters=VirtualType,Mode,Direction,CalculateBaudRate,VirtualNSS
SPI1.Mode=SPI_MODE_MASTER
SPI1.VirtualNSS=VM_NSSHARD
SPI1.VirtualType=VM_MASTER
SPI3.CalculateBaudRate=8.0 MBits/s
SPI3.Direction=SPI_DIRECTION_2LINES
SPI3.IPParameters=VirtualType,Mode,Direction,CalculateBaudRate,VirtualNSS
SPI3.Mode=SPI_MODE_MASTER
SPI3.VirtualNSS=VM_NSSHARD
SPI3.VirtualType=VM_MASTER
TIM3.Channel-PWM\ Generation3\ CH3=TIM_CHANNEL_3
TIM3.Channel-PWM\ Generation4\ CH4=TIM_CHANNEL_4
TIM3.IPParameters=Channel-PWM Generation3 CH3,Channel-PWM Generation4 CH4
TIM5.Channel-Input_Capture1_from_TI1=TIM_CHANNEL_1
TIM5.Channel-Input_Capture2_from_TI2=TIM_CHANNEL_2
TIM5.ICFilter_CH1=8
TIM5.ICFilter_CH2=8
TIM5.IPParameters=Channel-Input_Capture1_from_TI1,Channel-Input_Capture2_from_TI2,Period,ICFilter_CH1,ICFilter_CH2
TIM5.Period=4294967295
USART1.BaudRate=100000
USART1.IPParameters=VirtualMode,BaudRate,WordLength,Parity,StopBits,Mode
USART1.Mode=MODE_RX
USART1.Parity=PARITY_EVEN
USART1.StopBits=STOPBITS_2
USART1.VirtualMode=VM_ASYNC
USART1.WordLength=WORDLENGTH_9B
USART2.IPParameters=VirtualMode
USART2.VirtualMode=VM_ASYNC
USART3.IPParameters=VirtualMode
USART3.VirtualMode=VM_ASYNC
USART6.IPParameters=VirtualMode
USART6.VirtualMode=VM_ASYNC
USB_DEVICE.CLASS_NAME_FS=CDC
USB_DEVICE.IPParameters=VirtualModeFS,CLASS_NAME_FS
USB_DEVICE.VirtualModeFS=Cdc_FS
USB_OTG_FS.IPParameters=VirtualMode
USB_OTG_FS.VirtualMode=Device_Only
VP_RTC_VS_RTC_Activate.Mode=RTC_Enabled
VP_RTC_VS_RTC_Activate.Signal=RTC_VS_RTC_Activate
VP_SYS_VS_Systick.Mode=SysTick
VP_SYS_VS_Systick.Signal=SYS_VS_Systick
VP_USB_DEVICE_VS_USB_DEVICE_CDC_FS.Mode=CDC_FS
VP_USB_DEVICE_VS_USB_DEVICE_CDC_FS.Signal=USB_DEVICE_VS_USB_DEVICE_CDC_FS
board=CableCam Controller
